// !$*UTF8*$!
{
	archiveVersion = 1;
	classes = {
	};
	objectVersion = 46;
	objects = {

/* Begin PBXBuildFile section */
		332AF8E71B6F37E4005AFA3C /* main.m in Sources */ = {isa = PBXBuildFile; fileRef = 332AF8E61B6F37E4005AFA3C /* main.m */; };
		332AF8EA1B6F37E4005AFA3C /* AppDelegate.m in Sources */ = {isa = PBXBuildFile; fileRef = 332AF8E91B6F37E4005AFA3C /* AppDelegate.m */; };
		332AF8ED1B6F37E4005AFA3C /* ViewController.m in Sources */ = {isa = PBXBuildFile; fileRef = 332AF8EC1B6F37E4005AFA3C /* ViewController.m */; };
		332AF8F01B6F37E4005AFA3C /* Main.storyboard in Resources */ = {isa = PBXBuildFile; fileRef = 332AF8EE1B6F37E4005AFA3C /* Main.storyboard */; };
		332AF8F21B6F37E4005AFA3C /* Assets.xcassets in Resources */ = {isa = PBXBuildFile; fileRef = 332AF8F11B6F37E4005AFA3C /* Assets.xcassets */; };
		332AF8F51B6F37E4005AFA3C /* LaunchScreen.storyboard in Resources */ = {isa = PBXBuildFile; fileRef = 332AF8F31B6F37E4005AFA3C /* LaunchScreen.storyboard */; };
		332AF9001B6F37E5005AFA3C /* PopViewTestTests.m in Sources */ = {isa = PBXBuildFile; fileRef = 332AF8FF1B6F37E5005AFA3C /* PopViewTestTests.m */; };
		332AF90B1B6F37E5005AFA3C /* PopViewTestUITests.m in Sources */ = {isa = PBXBuildFile; fileRef = 332AF90A1B6F37E5005AFA3C /* PopViewTestUITests.m */; };
		67DA61BC0BFDF81AC8742E4A /* libPods.a in Frameworks */ = {isa = PBXBuildFile; fileRef = A7A174C3246ABBD91284A59F /* libPods.a */; };
/* End PBXBuildFile section */

/* Begin PBXContainerItemProxy section */
		332AF8FC1B6F37E5005AFA3C /* PBXContainerItemProxy */ = {
			isa = PBXContainerItemProxy;
			containerPortal = 332AF8DA1B6F37E4005AFA3C /* Project object */;
			proxyType = 1;
			remoteGlobalIDString = 332AF8E11B6F37E4005AFA3C;
			remoteInfo = PopViewTest;
		};
		332AF9071B6F37E5005AFA3C /* PBXContainerItemProxy */ = {
			isa = PBXContainerItemProxy;
			containerPortal = 332AF8DA1B6F37E4005AFA3C /* Project object */;
			proxyType = 1;
			remoteGlobalIDString = 332AF8E11B6F37E4005AFA3C;
			remoteInfo = PopViewTest;
		};
/* End PBXContainerItemProxy section */

/* Begin PBXFileReference section */
		332AF8E21B6F37E4005AFA3C /* PopViewTest.app */ = {isa = PBXFileReference; explicitFileType = wrapper.application; includeInIndex = 0; path = PopViewTest.app; sourceTree = BUILT_PRODUCTS_DIR; };
		332AF8E61B6F37E4005AFA3C /* main.m */ = {isa = PBXFileReference; lastKnownFileType = sourcecode.c.objc; path = main.m; sourceTree = "<group>"; };
		332AF8E81B6F37E4005AFA3C /* AppDelegate.h */ = {isa = PBXFileReference; lastKnownFileType = sourcecode.c.h; path = AppDelegate.h; sourceTree = "<group>"; };
		332AF8E91B6F37E4005AFA3C /* AppDelegate.m */ = {isa = PBXFileReference; lastKnownFileType = sourcecode.c.objc; path = AppDelegate.m; sourceTree = "<group>"; };
		332AF8EB1B6F37E4005AFA3C /* ViewController.h */ = {isa = PBXFileReference; lastKnownFileType = sourcecode.c.h; path = ViewController.h; sourceTree = "<group>"; };
		332AF8EC1B6F37E4005AFA3C /* ViewController.m */ = {isa = PBXFileReference; lastKnownFileType = sourcecode.c.objc; path = ViewController.m; sourceTree = "<group>"; };
		332AF8EF1B6F37E4005AFA3C /* Base */ = {isa = PBXFileReference; lastKnownFileType = file.storyboard; name = Base; path = Base.lproj/Main.storyboard; sourceTree = "<group>"; };
		332AF8F11B6F37E4005AFA3C /* Assets.xcassets */ = {isa = PBXFileReference; lastKnownFileType = folder.assetcatalog; path = Assets.xcassets; sourceTree = "<group>"; };
		332AF8F41B6F37E4005AFA3C /* Base */ = {isa = PBXFileReference; lastKnownFileType = file.storyboard; name = Base; path = Base.lproj/LaunchScreen.storyboard; sourceTree = "<group>"; };
		332AF8F61B6F37E4005AFA3C /* Info.plist */ = {isa = PBXFileReference; lastKnownFileType = text.plist.xml; path = Info.plist; sourceTree = "<group>"; };
		332AF8FB1B6F37E5005AFA3C /* PopViewTestTests.xctest */ = {isa = PBXFileReference; explicitFileType = wrapper.cfbundle; includeInIndex = 0; path = PopViewTestTests.xctest; sourceTree = BUILT_PRODUCTS_DIR; };
		332AF8FF1B6F37E5005AFA3C /* PopViewTestTests.m */ = {isa = PBXFileReference; lastKnownFileType = sourcecode.c.objc; path = PopViewTestTests.m; sourceTree = "<group>"; };
		332AF9011B6F37E5005AFA3C /* Info.plist */ = {isa = PBXFileReference; lastKnownFileType = text.plist.xml; path = Info.plist; sourceTree = "<group>"; };
		332AF9061B6F37E5005AFA3C /* PopViewTestUITests.xctest */ = {isa = PBXFileReference; explicitFileType = wrapper.cfbundle; includeInIndex = 0; path = PopViewTestUITests.xctest; sourceTree = BUILT_PRODUCTS_DIR; };
		332AF90A1B6F37E5005AFA3C /* PopViewTestUITests.m */ = {isa = PBXFileReference; lastKnownFileType = sourcecode.c.objc; path = PopViewTestUITests.m; sourceTree = "<group>"; };
		332AF90C1B6F37E5005AFA3C /* Info.plist */ = {isa = PBXFileReference; lastKnownFileType = text.plist.xml; path = Info.plist; sourceTree = "<group>"; };
		74A9726DDBCDD94C819068C3 /* Pods.release.xcconfig */ = {isa = PBXFileReference; includeInIndex = 1; lastKnownFileType = text.xcconfig; name = Pods.release.xcconfig; path = "Pods/Target Support Files/Pods/Pods.release.xcconfig"; sourceTree = "<group>"; };
		A7A174C3246ABBD91284A59F /* libPods.a */ = {isa = PBXFileReference; explicitFileType = archive.ar; includeInIndex = 0; path = libPods.a; sourceTree = BUILT_PRODUCTS_DIR; };
		C894078BE10B95F052E91480 /* Pods.debug.xcconfig */ = {isa = PBXFileReference; includeInIndex = 1; lastKnownFileType = text.xcconfig; name = Pods.debug.xcconfig; path = "Pods/Target Support Files/Pods/Pods.debug.xcconfig"; sourceTree = "<group>"; };
/* End PBXFileReference section */

/* Begin PBXFrameworksBuildPhase section */
		332AF8DF1B6F37E4005AFA3C /* Frameworks */ = {
			isa = PBXFrameworksBuildPhase;
			buildActionMask = 2147483647;
			files = (
				67DA61BC0BFDF81AC8742E4A /* libPods.a in Frameworks */,
			);
			runOnlyForDeploymentPostprocessing = 0;
		};
		332AF8F81B6F37E5005AFA3C /* Frameworks */ = {
			isa = PBXFrameworksBuildPhase;
			buildActionMask = 2147483647;
			files = (
			);
			runOnlyForDeploymentPostprocessing = 0;
		};
		332AF9031B6F37E5005AFA3C /* Frameworks */ = {
			isa = PBXFrameworksBuildPhase;
			buildActionMask = 2147483647;
			files = (
			);
			runOnlyForDeploymentPostprocessing = 0;
		};
/* End PBXFrameworksBuildPhase section */

/* Begin PBXGroup section */
		332AF8D91B6F37E4005AFA3C = {
			isa = PBXGroup;
			children = (
				332AF8E41B6F37E4005AFA3C /* PopViewTest */,
				332AF8FE1B6F37E5005AFA3C /* PopViewTestTests */,
				332AF9091B6F37E5005AFA3C /* PopViewTestUITests */,
				332AF8E31B6F37E4005AFA3C /* Products */,
				DA93F48E4BF40A2606AFC5E9 /* Pods */,
				38BF879F07532614D13D2B2B /* Frameworks */,
			);
			sourceTree = "<group>";
		};
		332AF8E31B6F37E4005AFA3C /* Products */ = {
			isa = PBXGroup;
			children = (
				332AF8E21B6F37E4005AFA3C /* PopViewTest.app */,
				332AF8FB1B6F37E5005AFA3C /* PopViewTestTests.xctest */,
				332AF9061B6F37E5005AFA3C /* PopViewTestUITests.xctest */,
			);
			name = Products;
			sourceTree = "<group>";
		};
		332AF8E41B6F37E4005AFA3C /* PopViewTest */ = {
			isa = PBXGroup;
			children = (
				332AF8E81B6F37E4005AFA3C /* AppDelegate.h */,
				332AF8E91B6F37E4005AFA3C /* AppDelegate.m */,
				332AF8EB1B6F37E4005AFA3C /* ViewController.h */,
				332AF8EC1B6F37E4005AFA3C /* ViewController.m */,
				332AF8EE1B6F37E4005AFA3C /* Main.storyboard */,
				332AF8F11B6F37E4005AFA3C /* Assets.xcassets */,
				332AF8F31B6F37E4005AFA3C /* LaunchScreen.storyboard */,
				332AF8F61B6F37E4005AFA3C /* Info.plist */,
				332AF8E51B6F37E4005AFA3C /* Supporting Files */,
			);
			path = PopViewTest;
			sourceTree = "<group>";
		};
		332AF8E51B6F37E4005AFA3C /* Supporting Files */ = {
			isa = PBXGroup;
			children = (
				332AF8E61B6F37E4005AFA3C /* main.m */,
			);
			name = "Supporting Files";
			sourceTree = "<group>";
		};
		332AF8FE1B6F37E5005AFA3C /* PopViewTestTests */ = {
			isa = PBXGroup;
			children = (
				332AF8FF1B6F37E5005AFA3C /* PopViewTestTests.m */,
				332AF9011B6F37E5005AFA3C /* Info.plist */,
			);
			path = PopViewTestTests;
			sourceTree = "<group>";
		};
		332AF9091B6F37E5005AFA3C /* PopViewTestUITests */ = {
			isa = PBXGroup;
			children = (
				332AF90A1B6F37E5005AFA3C /* PopViewTestUITests.m */,
				332AF90C1B6F37E5005AFA3C /* Info.plist */,
			);
			path = PopViewTestUITests;
			sourceTree = "<group>";
		};
		38BF879F07532614D13D2B2B /* Frameworks */ = {
			isa = PBXGroup;
			children = (
				A7A174C3246ABBD91284A59F /* libPods.a */,
			);
			name = Frameworks;
			sourceTree = "<group>";
		};
		DA93F48E4BF40A2606AFC5E9 /* Pods */ = {
			isa = PBXGroup;
			children = (
				C894078BE10B95F052E91480 /* Pods.debug.xcconfig */,
				74A9726DDBCDD94C819068C3 /* Pods.release.xcconfig */,
			);
			name = Pods;
			sourceTree = "<group>";
		};
/* End PBXGroup section */

/* Begin PBXNativeTarget section */
		332AF8E11B6F37E4005AFA3C /* PopViewTest */ = {
			isa = PBXNativeTarget;
			buildConfigurationList = 332AF90F1B6F37E5005AFA3C /* Build configuration list for PBXNativeTarget "PopViewTest" */;
			buildPhases = (
				8B8C316CF9F73C1FDD7CE3A0 /* Check Pods Manifest.lock */,
				332AF8DE1B6F37E4005AFA3C /* Sources */,
				332AF8DF1B6F37E4005AFA3C /* Frameworks */,
				332AF8E01B6F37E4005AFA3C /* Resources */,
				F43737A80BBC0C4CA67843AE /* Copy Pods Resources */,
			);
			buildRules = (
			);
			dependencies = (
			);
			name = PopViewTest;
			productName = PopViewTest;
			productReference = 332AF8E21B6F37E4005AFA3C /* PopViewTest.app */;
			productType = "com.apple.product-type.application";
		};
		332AF8FA1B6F37E5005AFA3C /* PopViewTestTests */ = {
			isa = PBXNativeTarget;
			buildConfigurationList = 332AF9121B6F37E5005AFA3C /* Build configuration list for PBXNativeTarget "PopViewTestTests" */;
			buildPhases = (
				332AF8F71B6F37E5005AFA3C /* Sources */,
				332AF8F81B6F37E5005AFA3C /* Frameworks */,
				332AF8F91B6F37E5005AFA3C /* Resources */,
			);
			buildRules = (
			);
			dependencies = (
				332AF8FD1B6F37E5005AFA3C /* PBXTargetDependency */,
			);
			name = PopViewTestTests;
			productName = PopViewTestTests;
			productReference = 332AF8FB1B6F37E5005AFA3C /* PopViewTestTests.xctest */;
			productType = "com.apple.product-type.bundle.unit-test";
		};
		332AF9051B6F37E5005AFA3C /* PopViewTestUITests */ = {
			isa = PBXNativeTarget;
			buildConfigurationList = 332AF9151B6F37E5005AFA3C /* Build configuration list for PBXNativeTarget "PopViewTestUITests" */;
			buildPhases = (
				332AF9021B6F37E5005AFA3C /* Sources */,
				332AF9031B6F37E5005AFA3C /* Frameworks */,
				332AF9041B6F37E5005AFA3C /* Resources */,
			);
			buildRules = (
			);
			dependencies = (
				332AF9081B6F37E5005AFA3C /* PBXTargetDependency */,
			);
			name = PopViewTestUITests;
			productName = PopViewTestUITests;
			productReference = 332AF9061B6F37E5005AFA3C /* PopViewTestUITests.xctest */;
			productType = "com.apple.product-type.bundle.ui-testing";
		};
/* End PBXNativeTarget section */

/* Begin PBXProject section */
		332AF8DA1B6F37E4005AFA3C /* Project object */ = {
			isa = PBXProject;
			attributes = {
				LastUpgradeCheck = 0700;
				ORGANIZATIONNAME = MandyXue;
				TargetAttributes = {
					332AF8E11B6F37E4005AFA3C = {
						CreatedOnToolsVersion = 7.0;
					};
					332AF8FA1B6F37E5005AFA3C = {
						CreatedOnToolsVersion = 7.0;
						TestTargetID = 332AF8E11B6F37E4005AFA3C;
					};
					332AF9051B6F37E5005AFA3C = {
						CreatedOnToolsVersion = 7.0;
						TestTargetID = 332AF8E11B6F37E4005AFA3C;
					};
				};
			};
			buildConfigurationList = 332AF8DD1B6F37E4005AFA3C /* Build configuration list for PBXProject "PopViewTest" */;
			compatibilityVersion = "Xcode 3.2";
			developmentRegion = English;
			hasScannedForEncodings = 0;
			knownRegions = (
				en,
				Base,
			);
			mainGroup = 332AF8D91B6F37E4005AFA3C;
			productRefGroup = 332AF8E31B6F37E4005AFA3C /* Products */;
			projectDirPath = "";
			projectRoot = "";
			targets = (
				332AF8E11B6F37E4005AFA3C /* PopViewTest */,
				332AF8FA1B6F37E5005AFA3C /* PopViewTestTests */,
				332AF9051B6F37E5005AFA3C /* PopViewTestUITests */,
			);
		};
/* End PBXProject section */

/* Begin PBXResourcesBuildPhase section */
		332AF8E01B6F37E4005AFA3C /* Resources */ = {
			isa = PBXResourcesBuildPhase;
			buildActionMask = 2147483647;
			files = (
				332AF8F51B6F37E4005AFA3C /* LaunchScreen.storyboard in Resources */,
				332AF8F21B6F37E4005AFA3C /* Assets.xcassets in Resources */,
				332AF8F01B6F37E4005AFA3C /* Main.storyboard in Resources */,
			);
			runOnlyForDeploymentPostprocessing = 0;
		};
		332AF8F91B6F37E5005AFA3C /* Resources */ = {
			isa = PBXResourcesBuildPhase;
			buildActionMask = 2147483647;
			files = (
			);
			runOnlyForDeploymentPostprocessing = 0;
		};
		332AF9041B6F37E5005AFA3C /* Resources */ = {
			isa = PBXResourcesBuildPhase;
			buildActionMask = 2147483647;
			files = (
			);
			runOnlyForDeploymentPostprocessing = 0;
		};
/* End PBXResourcesBuildPhase section */

/* Begin PBXShellScriptBuildPhase section */
		8B8C316CF9F73C1FDD7CE3A0 /* Check Pods Manifest.lock */ = {
			isa = PBXShellScriptBuildPhase;
			buildActionMask = 2147483647;
			files = (
			);
			inputPaths = (
			);
			name = "Check Pods Manifest.lock";
			outputPaths = (
			);
			runOnlyForDeploymentPostprocessing = 0;
			shellPath = /bin/sh;
			shellScript = "diff \"${PODS_ROOT}/../Podfile.lock\" \"${PODS_ROOT}/Manifest.lock\" > /dev/null\nif [[ $? != 0 ]] ; then\n    cat << EOM\nerror: The sandbox is not in sync with the Podfile.lock. Run 'pod install' or update your CocoaPods installation.\nEOM\n    exit 1\nfi\n";
			showEnvVarsInLog = 0;
		};
		F43737A80BBC0C4CA67843AE /* Copy Pods Resources */ = {
			isa = PBXShellScriptBuildPhase;
			buildActionMask = 2147483647;
			files = (
			);
			inputPaths = (
			);
			name = "Copy Pods Resources";
			outputPaths = (
			);
			runOnlyForDeploymentPostprocessing = 0;
			shellPath = /bin/sh;
			shellScript = "\"${SRCROOT}/Pods/Target Support Files/Pods/Pods-resources.sh\"\n";
			showEnvVarsInLog = 0;
		};
/* End PBXShellScriptBuildPhase section */

/* Begin PBXSourcesBuildPhase section */
		332AF8DE1B6F37E4005AFA3C /* Sources */ = {
			isa = PBXSourcesBuildPhase;
			buildActionMask = 2147483647;
			files = (
				332AF8ED1B6F37E4005AFA3C /* ViewController.m in Sources */,
				332AF8EA1B6F37E4005AFA3C /* AppDelegate.m in Sources */,
				332AF8E71B6F37E4005AFA3C /* main.m in Sources */,
			);
			runOnlyForDeploymentPostprocessing = 0;
		};
		332AF8F71B6F37E5005AFA3C /* Sources */ = {
			isa = PBXSourcesBuildPhase;
			buildActionMask = 2147483647;
			files = (
				332AF9001B6F37E5005AFA3C /* PopViewTestTests.m in Sources */,
			);
			runOnlyForDeploymentPostprocessing = 0;
		};
		332AF9021B6F37E5005AFA3C /* Sources */ = {
			isa = PBXSourcesBuildPhase;
			buildActionMask = 2147483647;
			files = (
				332AF90B1B6F37E5005AFA3C /* PopViewTestUITests.m in Sources */,
			);
			runOnlyForDeploymentPostprocessing = 0;
		};
/* End PBXSourcesBuildPhase section */

/* Begin PBXTargetDependency section */
		332AF8FD1B6F37E5005AFA3C /* PBXTargetDependency */ = {
			isa = PBXTargetDependency;
			target = 332AF8E11B6F37E4005AFA3C /* PopViewTest */;
			targetProxy = 332AF8FC1B6F37E5005AFA3C /* PBXContainerItemProxy */;
		};
		332AF9081B6F37E5005AFA3C /* PBXTargetDependency */ = {
			isa = PBXTargetDependency;
			target = 332AF8E11B6F37E4005AFA3C /* PopViewTest */;
			targetProxy = 332AF9071B6F37E5005AFA3C /* PBXContainerItemProxy */;
		};
/* End PBXTargetDependency section */

/* Begin PBXVariantGroup section */
		332AF8EE1B6F37E4005AFA3C /* Main.storyboard */ = {
			isa = PBXVariantGroup;
			children = (
				332AF8EF1B6F37E4005AFA3C /* Base */,
			);
			name = Main.storyboard;
			sourceTree = "<group>";
		};
		332AF8F31B6F37E4005AFA3C /* LaunchScreen.storyboard */ = {
			isa = PBXVariantGroup;
			children = (
				332AF8F41B6F37E4005AFA3C /* Base */,
			);
			name = LaunchScreen.storyboard;
			sourceTree = "<group>";
		};
/* End PBXVariantGroup section */

/* Begin XCBuildConfiguration section */
		332AF90D1B6F37E5005AFA3C /* Debug */ = {
			isa = XCBuildConfiguration;
			buildSettings = {
				ALWAYS_SEARCH_USER_PATHS = NO;
				CLANG_CXX_LANGUAGE_STANDARD = "gnu++0x";
				CLANG_CXX_LIBRARY = "libc++";
				CLANG_ENABLE_MODULES = YES;
				CLANG_ENABLE_OBJC_ARC = YES;
				CLANG_WARN_BOOL_CONVERSION = YES;
				CLANG_WARN_CONSTANT_CONVERSION = YES;
				CLANG_WARN_DIRECT_OBJC_ISA_USAGE = YES_ERROR;
				CLANG_WARN_EMPTY_BODY = YES;
				CLANG_WARN_ENUM_CONVERSION = YES;
				CLANG_WARN_INT_CONVERSION = YES;
				CLANG_WARN_OBJC_ROOT_CLASS = YES_ERROR;
				CLANG_WARN_UNREACHABLE_CODE = YES;
				CLANG_WARN__DUPLICATE_METHOD_MATCH = YES;
				"CODE_SIGN_IDENTITY[sdk=iphoneos*]" = "iPhone Developer";
				COPY_PHASE_STRIP = NO;
				DEBUG_INFORMATION_FORMAT = dwarf;
				ENABLE_STRICT_OBJC_MSGSEND = YES;
				ENABLE_TESTABILITY = YES;
				GCC_C_LANGUAGE_STANDARD = gnu99;
				GCC_DYNAMIC_NO_PIC = NO;
				GCC_NO_COMMON_BLOCKS = YES;
				GCC_OPTIMIZATION_LEVEL = 0;
				GCC_PREPROCESSOR_DEFINITIONS = (
					"DEBUG=1",
					"$(inherited)",
				);
				GCC_WARN_64_TO_32_BIT_CONVERSION = YES;
				GCC_WARN_ABOUT_RETURN_TYPE = YES_ERROR;
				GCC_WARN_UNDECLARED_SELECTOR = YES;
				GCC_WARN_UNINITIALIZED_AUTOS = YES_AGGRESSIVE;
				GCC_WARN_UNUSED_FUNCTION = YES;
				GCC_WARN_UNUSED_VARIABLE = YES;
				IPHONEOS_DEPLOYMENT_TARGET = 9.0;
				MTL_ENABLE_DEBUG_INFO = YES;
				ONLY_ACTIVE_ARCH = YES;
				SDKROOT = iphoneos;
				TARGETED_DEVICE_FAMILY = "1,2";
			};
			name = Debug;
		};
		332AF90E1B6F37E5005AFA3C /* Release */ = {
			isa = XCBuildConfiguration;
			buildSettings = {
				ALWAYS_SEARCH_USER_PATHS = NO;
				CLANG_CXX_LANGUAGE_STANDARD = "gnu++0x";
				CLANG_CXX_LIBRARY = "libc++";
				CLANG_ENABLE_MODULES = YES;
				CLANG_ENABLE_OBJC_ARC = YES;
				CLANG_WARN_BOOL_CONVERSION = YES;
				CLANG_WARN_CONSTANT_CONVERSION = YES;
				CLANG_WARN_DIRECT_OBJC_ISA_USAGE = YES_ERROR;
				CLANG_WARN_EMPTY_BODY = YES;
				CLANG_WARN_ENUM_CONVERSION = YES;
				CLANG_WARN_INT_CONVERSION = YES;
				CLANG_WARN_OBJC_ROOT_CLASS = YES_ERROR;
				CLANG_WARN_UNREACHABLE_CODE = YES;
				CLANG_WARN__DUPLICATE_METHOD_MATCH = YES;
				"CODE_SIGN_IDENTITY[sdk=iphoneos*]" = "iPhone Developer";
				COPY_PHASE_STRIP = NO;
				DEBUG_INFORMATION_FORMAT = "dwarf-with-dsym";
				ENABLE_NS_ASSERTIONS = NO;
				ENABLE_STRICT_OBJC_MSGSEND = YES;
				GCC_C_LANGUAGE_STANDARD = gnu99;
				GCC_NO_COMMON_BLOCKS = YES;
				GCC_WARN_64_TO_32_BIT_CONVERSION = YES;
				GCC_WARN_ABOUT_RETURN_TYPE = YES_ERROR;
				GCC_WARN_UNDECLARED_SELECTOR = YES;
				GCC_WARN_UNINITIALIZED_AUTOS = YES_AGGRESSIVE;
				GCC_WARN_UNUSED_FUNCTION = YES;
				GCC_WARN_UNUSED_VARIABLE = YES;
				IPHONEOS_DEPLOYMENT_TARGET = 9.0;
				MTL_ENABLE_DEBUG_INFO = NO;
				SDKROOT = iphoneos;
				TARGETED_DEVICE_FAMILY = "1,2";
				VALIDATE_PRODUCT = YES;
			};
			name = Release;
		};
		332AF9101B6F37E5005AFA3C /* Debug */ = {
			isa = XCBuildConfiguration;
			baseConfigurationReference = C894078BE10B95F052E91480 /* Pods.debug.xcconfig */;
			buildSettings = {
				ASSETCATALOG_COMPILER_APPICON_NAME = AppIcon;
				INFOPLIST_FILE = PopViewTest/Info.plist;
				LD_RUNPATH_SEARCH_PATHS = "$(inherited) @executable_path/Frameworks";
				PRODUCT_BUNDLE_IDENTIFIER = AppleClub.MandyXue.PopViewTest;
				PRODUCT_NAME = "$(TARGET_NAME)";
			};
			name = Debug;
		};
		332AF9111B6F37E5005AFA3C /* Release */ = {
			isa = XCBuildConfiguration;
			baseConfigurationReference = 74A9726DDBCDD94C819068C3 /* Pods.release.xcconfig */;
			buildSettings = {
				ASSETCATALOG_COMPILER_APPICON_NAME = AppIcon;
				INFOPLIST_FILE = PopViewTest/Info.plist;
				LD_RUNPATH_SEARCH_PATHS = "$(inherited) @executable_path/Frameworks";
				PRODUCT_BUNDLE_IDENTIFIER = AppleClub.MandyXue.PopViewTest;
				PRODUCT_NAME = "$(TARGET_NAME)";
			};
			name = Release;
		};
		332AF9131B6F37E5005AFA3C /* Debug */ = {
			isa = XCBuildConfiguration;
			buildSettings = {
				BUNDLE_LOADER = "$(TEST_HOST)";
				INFOPLIST_FILE = PopViewTestTests/Info.plist;
				LD_RUNPATH_SEARCH_PATHS = "$(inherited) @executable_path/Frameworks @loader_path/Frameworks";
				PRODUCT_BUNDLE_IDENTIFIER = AppleClub.MandyXue.PopViewTestTests;
				PRODUCT_NAME = "$(TARGET_NAME)";
				TEST_HOST = "$(BUILT_PRODUCTS_DIR)/PopViewTest.app/PopViewTest";
			};
			name = Debug;
		};
		332AF9141B6F37E5005AFA3C /* Release */ = {
			isa = XCBuildConfiguration;
			buildSettings = {
				BUNDLE_LOADER = "$(TEST_HOST)";
				INFOPLIST_FILE = PopViewTestTests/Info.plist;
				LD_RUNPATH_SEARCH_PATHS = "$(inherited) @executable_path/Frameworks @loader_path/Frameworks";
				PRODUCT_BUNDLE_IDENTIFIER = AppleClub.MandyXue.PopViewTestTests;
				PRODUCT_NAME = "$(TARGET_NAME)";
				TEST_HOST = "$(BUILT_PRODUCTS_DIR)/PopViewTest.app/PopViewTest";
			};
			name = Release;
		};
		332AF9161B6F37E5005AFA3C /* Debug */ = {
			isa = XCBuildConfiguration;
			buildSettings = {
				INFOPLIST_FILE = PopViewTestUITests/Info.plist;
				LD_RUNPATH_SEARCH_PATHS = "$(inherited) @executable_path/Frameworks @loader_path/Frameworks";
				PRODUCT_BUNDLE_IDENTIFIER = AppleClub.MandyXue.PopViewTestUITests;
				PRODUCT_NAME = "$(TARGET_NAME)";
				TEST_TARGET_NAME = PopViewTest;
				USES_XCTRUNNER = YES;
			};
			name = Debug;
		};
		332AF9171B6F37E5005AFA3C /* Release */ = {
			isa = XCBuildConfiguration;
			buildSettings = {
				INFOPLIST_FILE = PopViewTestUITests/Info.plist;
				LD_RUNPATH_SEARCH_PATHS = "$(inherited) @executable_path/Frameworks @loader_path/Frameworks";
				PRODUCT_BUNDLE_IDENTIFIER = AppleClub.MandyXue.PopViewTestUITests;
				PRODUCT_NAME = "$(TARGET_NAME)";
				TEST_TARGET_NAME = PopViewTest;
				USES_XCTRUNNER = YES;
			};
			name = Release;
		};
/* End XCBuildConfiguration section */

/* Begin XCConfigurationList section */
		332AF8DD1B6F37E4005AFA3C /* Build configuration list for PBXProject "PopViewTest" */ = {
			isa = XCConfigurationList;
			buildConfigurations = (
				332AF90D1B6F37E5005AFA3C /* Debug */,
				332AF90E1B6F37E5005AFA3C /* Release */,
			);
			defaultConfigurationIsVisible = 0;
			defaultConfigurationName = Release;
		};
		332AF90F1B6F37E5005AFA3C /* Build configuration list for PBXNativeTarget "PopViewTest" */ = {
			isa = XCConfigurationList;
			buildConfigurations = (
				332AF9101B6F37E5005AFA3C /* Debug */,
				332AF9111B6F37E5005AFA3C /* Release */,
			);
			defaultConfigurationIsVisible = 0;
			defaultConfigurationName = Release;
		};
		332AF9121B6F37E5005AFA3C /* Build configuration list for PBXNativeTarget "PopViewTestTests" */ = {
			isa = XCConfigurationList;
			buildConfigurations = (
				332AF9131B6F37E5005AFA3C /* Debug */,
				332AF9141B6F37E5005AFA3C /* Release */,
			);
			defaultConfigurationIsVisible = 0;
			defaultConfigurationName = Release;
		};
		332AF9151B6F37E5005AFA3C /* Build configuration list for PBXNativeTarget "PopViewTestUITests" */ = {
			isa = XCConfigurationList;
			buildConfigurations = (
				332AF9161B6F37E5005AFA3C /* Debug */,
				332AF9171B6F37E5005AFA3C /* Release */,
			);
			defaultConfigurationIsVisible = 0;
			defaultConfigurationName = Release;
		};
/* End XCConfigurationList section */
	};
	rootObject = 332AF8DA1B6F37E4005AFA3C /* Project object */;
}
