// !$*UTF8*$!
{
	archiveVersion = 1;
	classes = {
	};
	objectVersion = 46;
	objects = {

/* Begin PBXBuildFile section */
		33961B221B5B83940054996B /* main.m in Sources */ = {isa = PBXBuildFile; fileRef = 33961B211B5B83940054996B /* main.m */; };
		33961B251B5B83940054996B /* AppDelegate.m in Sources */ = {isa = PBXBuildFile; fileRef = 33961B241B5B83940054996B /* AppDelegate.m */; };
		33961B281B5B83940054996B /* ViewController.m in Sources */ = {isa = PBXBuildFile; fileRef = 33961B271B5B83940054996B /* ViewController.m */; };
		33961B2B1B5B83940054996B /* Main.storyboard in Resources */ = {isa = PBXBuildFile; fileRef = 33961B291B5B83940054996B /* Main.storyboard */; };
		33961B2D1B5B83940054996B /* Images.xcassets in Resources */ = {isa = PBXBuildFile; fileRef = 33961B2C1B5B83940054996B /* Images.xcassets */; };
		33961B301B5B83940054996B /* LaunchScreen.xib in Resources */ = {isa = PBXBuildFile; fileRef = 33961B2E1B5B83940054996B /* LaunchScreen.xib */; };
		33961B3C1B5B83950054996B /* iCampusTests.m in Sources */ = {isa = PBXBuildFile; fileRef = 33961B3B1B5B83950054996B /* iCampusTests.m */; };
		33961B491B5B872D0054996B /* shopDetail.plist in Resources */ = {isa = PBXBuildFile; fileRef = 33961B481B5B872D0054996B /* shopDetail.plist */; };
		33961B4F1B5B88EE0054996B /* ShopModel.m in Sources */ = {isa = PBXBuildFile; fileRef = 33961B4E1B5B88EE0054996B /* ShopModel.m */; };
		33961B521B5BDA8C0054996B /* ShopTableViewController.m in Sources */ = {isa = PBXBuildFile; fileRef = 33961B511B5BDA8C0054996B /* ShopTableViewController.m */; };
/* End PBXBuildFile section */

/* Begin PBXContainerItemProxy section */
		33961B361B5B83950054996B /* PBXContainerItemProxy */ = {
			isa = PBXContainerItemProxy;
			containerPortal = 33961B141B5B83940054996B /* Project object */;
			proxyType = 1;
			remoteGlobalIDString = 33961B1B1B5B83940054996B;
			remoteInfo = iCampus;
		};
/* End PBXContainerItemProxy section */

/* Begin PBXFileReference section */
		33961B1C1B5B83940054996B /* iCampus.app */ = {isa = PBXFileReference; explicitFileType = wrapper.application; includeInIndex = 0; path = iCampus.app; sourceTree = BUILT_PRODUCTS_DIR; };
		33961B201B5B83940054996B /* Info.plist */ = {isa = PBXFileReference; lastKnownFileType = text.plist.xml; path = Info.plist; sourceTree = "<group>"; };
		33961B211B5B83940054996B /* main.m */ = {isa = PBXFileReference; lastKnownFileType = sourcecode.c.objc; path = main.m; sourceTree = "<group>"; };
		33961B231B5B83940054996B /* AppDelegate.h */ = {isa = PBXFileReference; lastKnownFileType = sourcecode.c.h; path = AppDelegate.h; sourceTree = "<group>"; };
		33961B241B5B83940054996B /* AppDelegate.m */ = {isa = PBXFileReference; lastKnownFileType = sourcecode.c.objc; path = AppDelegate.m; sourceTree = "<group>"; };
		33961B261B5B83940054996B /* ViewController.h */ = {isa = PBXFileReference; lastKnownFileType = sourcecode.c.h; path = ViewController.h; sourceTree = "<group>"; };
		33961B271B5B83940054996B /* ViewController.m */ = {isa = PBXFileReference; lastKnownFileType = sourcecode.c.objc; path = ViewController.m; sourceTree = "<group>"; };
		33961B2A1B5B83940054996B /* Base */ = {isa = PBXFileReference; lastKnownFileType = file.storyboard; name = Base; path = Base.lproj/Main.storyboard; sourceTree = "<group>"; };
		33961B2C1B5B83940054996B /* Images.xcassets */ = {isa = PBXFileReference; lastKnownFileType = folder.assetcatalog; path = Images.xcassets; sourceTree = "<group>"; };
		33961B2F1B5B83940054996B /* Base */ = {isa = PBXFileReference; lastKnownFileType = file.xib; name = Base; path = Base.lproj/LaunchScreen.xib; sourceTree = "<group>"; };
		33961B351B5B83950054996B /* iCampusTests.xctest */ = {isa = PBXFileReference; explicitFileType = wrapper.cfbundle; includeInIndex = 0; path = iCampusTests.xctest; sourceTree = BUILT_PRODUCTS_DIR; };
		33961B3A1B5B83950054996B /* Info.plist */ = {isa = PBXFileReference; lastKnownFileType = text.plist.xml; path = Info.plist; sourceTree = "<group>"; };
		33961B3B1B5B83950054996B /* iCampusTests.m */ = {isa = PBXFileReference; lastKnownFileType = sourcecode.c.objc; path = iCampusTests.m; sourceTree = "<group>"; };
		33961B481B5B872D0054996B /* shopDetail.plist */ = {isa = PBXFileReference; fileEncoding = 4; lastKnownFileType = text.plist.xml; path = shopDetail.plist; sourceTree = "<group>"; };
		33961B4D1B5B88EE0054996B /* ShopModel.h */ = {isa = PBXFileReference; fileEncoding = 4; lastKnownFileType = sourcecode.c.h; path = ShopModel.h; sourceTree = "<group>"; };
		33961B4E1B5B88EE0054996B /* ShopModel.m */ = {isa = PBXFileReference; fileEncoding = 4; lastKnownFileType = sourcecode.c.objc; path = ShopModel.m; sourceTree = "<group>"; };
		33961B501B5BDA8C0054996B /* ShopTableViewController.h */ = {isa = PBXFileReference; fileEncoding = 4; lastKnownFileType = sourcecode.c.h; path = ShopTableViewController.h; sourceTree = "<group>"; };
		33961B511B5BDA8C0054996B /* ShopTableViewController.m */ = {isa = PBXFileReference; fileEncoding = 4; lastKnownFileType = sourcecode.c.objc; path = ShopTableViewController.m; sourceTree = "<group>"; };
/* End PBXFileReference section */

/* Begin PBXFrameworksBuildPhase section */
		33961B191B5B83940054996B /* Frameworks */ = {
			isa = PBXFrameworksBuildPhase;
			buildActionMask = 2147483647;
			files = (
			);
			runOnlyForDeploymentPostprocessing = 0;
		};
		33961B321B5B83950054996B /* Frameworks */ = {
			isa = PBXFrameworksBuildPhase;
			buildActionMask = 2147483647;
			files = (
			);
			runOnlyForDeploymentPostprocessing = 0;
		};
/* End PBXFrameworksBuildPhase section */

/* Begin PBXGroup section */
		33961B131B5B83940054996B = {
			isa = PBXGroup;
			children = (
				33961B1E1B5B83940054996B /* iCampus */,
				33961B381B5B83950054996B /* iCampusTests */,
				33961B1D1B5B83940054996B /* Products */,
			);
			sourceTree = "<group>";
		};
		33961B1D1B5B83940054996B /* Products */ = {
			isa = PBXGroup;
			children = (
				33961B1C1B5B83940054996B /* iCampus.app */,
				33961B351B5B83950054996B /* iCampusTests.xctest */,
			);
			name = Products;
			sourceTree = "<group>";
		};
		33961B1E1B5B83940054996B /* iCampus */ = {
			isa = PBXGroup;
			children = (
				33961B231B5B83940054996B /* AppDelegate.h */,
				33961B241B5B83940054996B /* AppDelegate.m */,
				33961B261B5B83940054996B /* ViewController.h */,
				33961B271B5B83940054996B /* ViewController.m */,
				33961B501B5BDA8C0054996B /* ShopTableViewController.h */,
				33961B511B5BDA8C0054996B /* ShopTableViewController.m */,
				33961B4D1B5B88EE0054996B /* ShopModel.h */,
				33961B4E1B5B88EE0054996B /* ShopModel.m */,
				33961B291B5B83940054996B /* Main.storyboard */,
				33961B2C1B5B83940054996B /* Images.xcassets */,
				33961B2E1B5B83940054996B /* LaunchScreen.xib */,
				33961B481B5B872D0054996B /* shopDetail.plist */,
				33961B1F1B5B83940054996B /* Supporting Files */,
			);
			path = iCampus;
			sourceTree = "<group>";
		};
		33961B1F1B5B83940054996B /* Supporting Files */ = {
			isa = PBXGroup;
			children = (
				33961B201B5B83940054996B /* Info.plist */,
				33961B211B5B83940054996B /* main.m */,
			);
			name = "Supporting Files";
			sourceTree = "<group>";
		};
		33961B381B5B83950054996B /* iCampusTests */ = {
			isa = PBXGroup;
			children = (
				33961B3B1B5B83950054996B /* iCampusTests.m */,
				33961B391B5B83950054996B /* Supporting Files */,
			);
			path = iCampusTests;
			sourceTree = "<group>";
		};
		33961B391B5B83950054996B /* Supporting Files */ = {
			isa = PBXGroup;
			children = (
				33961B3A1B5B83950054996B /* Info.plist */,
			);
			name = "Supporting Files";
			sourceTree = "<group>";
		};
/* End PBXGroup section */

/* Begin PBXNativeTarget section */
		33961B1B1B5B83940054996B /* iCampus */ = {
			isa = PBXNativeTarget;
			buildConfigurationList = 33961B3F1B5B83950054996B /* Build configuration list for PBXNativeTarget "iCampus" */;
			buildPhases = (
				33961B181B5B83940054996B /* Sources */,
				33961B191B5B83940054996B /* Frameworks */,
				33961B1A1B5B83940054996B /* Resources */,
			);
			buildRules = (
			);
			dependencies = (
			);
			name = iCampus;
			productName = iCampus;
			productReference = 33961B1C1B5B83940054996B /* iCampus.app */;
			productType = "com.apple.product-type.application";
		};
		33961B341B5B83950054996B /* iCampusTests */ = {
			isa = PBXNativeTarget;
			buildConfigurationList = 33961B421B5B83950054996B /* Build configuration list for PBXNativeTarget "iCampusTests" */;
			buildPhases = (
				33961B311B5B83950054996B /* Sources */,
				33961B321B5B83950054996B /* Frameworks */,
				33961B331B5B83950054996B /* Resources */,
			);
			buildRules = (
			);
			dependencies = (
				33961B371B5B83950054996B /* PBXTargetDependency */,
			);
			name = iCampusTests;
			productName = iCampusTests;
			productReference = 33961B351B5B83950054996B /* iCampusTests.xctest */;
			productType = "com.apple.product-type.bundle.unit-test";
		};
/* End PBXNativeTarget section */

/* Begin PBXProject section */
		33961B141B5B83940054996B /* Project object */ = {
			isa = PBXProject;
			attributes = {
				LastUpgradeCheck = 0630;
				ORGANIZATIONNAME = MandyXue;
				TargetAttributes = {
					33961B1B1B5B83940054996B = {
						CreatedOnToolsVersion = 6.3.1;
					};
					33961B341B5B83950054996B = {
						CreatedOnToolsVersion = 6.3.1;
						TestTargetID = 33961B1B1B5B83940054996B;
					};
				};
			};
			buildConfigurationList = 33961B171B5B83940054996B /* Build configuration list for PBXProject "iCampus" */;
			compatibilityVersion = "Xcode 3.2";
			developmentRegion = English;
			hasScannedForEncodings = 0;
			knownRegions = (
				en,
				Base,
			);
			mainGroup = 33961B131B5B83940054996B;
			productRefGroup = 33961B1D1B5B83940054996B /* Products */;
			projectDirPath = "";
			projectRoot = "";
			targets = (
				33961B1B1B5B83940054996B /* iCampus */,
				33961B341B5B83950054996B /* iCampusTests */,
			);
		};
/* End PBXProject section */

/* Begin PBXResourcesBuildPhase section */
		33961B1A1B5B83940054996B /* Resources */ = {
			isa = PBXResourcesBuildPhase;
			buildActionMask = 2147483647;
			files = (
				33961B2B1B5B83940054996B /* Main.storyboard in Resources */,
				33961B301B5B83940054996B /* LaunchScreen.xib in Resources */,
				33961B2D1B5B83940054996B /* Images.xcassets in Resources */,
				33961B491B5B872D0054996B /* shopDetail.plist in Resources */,
			);
			runOnlyForDeploymentPostprocessing = 0;
		};
		33961B331B5B83950054996B /* Resources */ = {
			isa = PBXResourcesBuildPhase;
			buildActionMask = 2147483647;
			files = (
			);
			runOnlyForDeploymentPostprocessing = 0;
		};
/* End PBXResourcesBuildPhase section */

/* Begin PBXSourcesBuildPhase section */
		33961B181B5B83940054996B /* Sources */ = {
			isa = PBXSourcesBuildPhase;
			buildActionMask = 2147483647;
			files = (
				33961B281B5B83940054996B /* ViewController.m in Sources */,
				33961B4F1B5B88EE0054996B /* ShopModel.m in Sources */,
				33961B521B5BDA8C0054996B /* ShopTableViewController.m in Sources */,
				33961B251B5B83940054996B /* AppDelegate.m in Sources */,
				33961B221B5B83940054996B /* main.m in Sources */,
			);
			runOnlyForDeploymentPostprocessing = 0;
		};
		33961B311B5B83950054996B /* Sources */ = {
			isa = PBXSourcesBuildPhase;
			buildActionMask = 2147483647;
			files = (
				33961B3C1B5B83950054996B /* iCampusTests.m in Sources */,
			);
			runOnlyForDeploymentPostprocessing = 0;
		};
/* End PBXSourcesBuildPhase section */

/* Begin PBXTargetDependency section */
		33961B371B5B83950054996B /* PBXTargetDependency */ = {
			isa = PBXTargetDependency;
			target = 33961B1B1B5B83940054996B /* iCampus */;
			targetProxy = 33961B361B5B83950054996B /* PBXContainerItemProxy */;
		};
/* End PBXTargetDependency section */

/* Begin PBXVariantGroup section */
		33961B291B5B83940054996B /* Main.storyboard */ = {
			isa = PBXVariantGroup;
			children = (
				33961B2A1B5B83940054996B /* Base */,
			);
			name = Main.storyboard;
			sourceTree = "<group>";
		};
		33961B2E1B5B83940054996B /* LaunchScreen.xib */ = {
			isa = PBXVariantGroup;
			children = (
				33961B2F1B5B83940054996B /* Base */,
			);
			name = LaunchScreen.xib;
			sourceTree = "<group>";
		};
/* End PBXVariantGroup section */

/* Begin XCBuildConfiguration section */
		33961B3D1B5B83950054996B /* Debug */ = {
			isa = XCBuildConfiguration;
			buildSettings = {
				ALWAYS_SEARCH_USER_PATHS = NO;
				CLANG_CXX_LANGUAGE_STANDARD = "gnu++0x";
				CLANG_CXX_LIBRARY = "libc++";
				CLANG_ENABLE_MODULES = YES;
				CLANG_ENABLE_OBJC_ARC = YES;
				CLANG_WARN_BOOL_CONVERSION = YES;
				CLANG_WARN_CONSTANT_CONVERSION = YES;
				CLANG_WARN_DIRECT_OBJC_ISA_USAGE = YES_ERROR;
				CLANG_WARN_EMPTY_BODY = YES;
				CLANG_WARN_ENUM_CONVERSION = YES;
				CLANG_WARN_INT_CONVERSION = YES;
				CLANG_WARN_OBJC_ROOT_CLASS = YES_ERROR;
				CLANG_WARN_UNREACHABLE_CODE = YES;
				CLANG_WARN__DUPLICATE_METHOD_MATCH = YES;
				"CODE_SIGN_IDENTITY[sdk=iphoneos*]" = "iPhone Developer";
				COPY_PHASE_STRIP = NO;
				DEBUG_INFORMATION_FORMAT = "dwarf-with-dsym";
				ENABLE_STRICT_OBJC_MSGSEND = YES;
				GCC_C_LANGUAGE_STANDARD = gnu99;
				GCC_DYNAMIC_NO_PIC = NO;
				GCC_NO_COMMON_BLOCKS = YES;
				GCC_OPTIMIZATION_LEVEL = 0;
				GCC_PREPROCESSOR_DEFINITIONS = (
					"DEBUG=1",
					"$(inherited)",
				);
				GCC_SYMBOLS_PRIVATE_EXTERN = NO;
				GCC_WARN_64_TO_32_BIT_CONVERSION = YES;
				GCC_WARN_ABOUT_RETURN_TYPE = YES_ERROR;
				GCC_WARN_UNDECLARED_SELECTOR = YES;
				GCC_WARN_UNINITIALIZED_AUTOS = YES_AGGRESSIVE;
				GCC_WARN_UNUSED_FUNCTION = YES;
				GCC_WARN_UNUSED_VARIABLE = YES;
				IPHONEOS_DEPLOYMENT_TARGET = 8.3;
				MTL_ENABLE_DEBUG_INFO = YES;
				ONLY_ACTIVE_ARCH = YES;
				SDKROOT = iphoneos;
				TARGETED_DEVICE_FAMILY = "1,2";
			};
			name = Debug;
		};
		33961B3E1B5B83950054996B /* Release */ = {
			isa = XCBuildConfiguration;
			buildSettings = {
				ALWAYS_SEARCH_USER_PATHS = NO;
				CLANG_CXX_LANGUAGE_STANDARD = "gnu++0x";
				CLANG_CXX_LIBRARY = "libc++";
				CLANG_ENABLE_MODULES = YES;
				CLANG_ENABLE_OBJC_ARC = YES;
				CLANG_WARN_BOOL_CONVERSION = YES;
				CLANG_WARN_CONSTANT_CONVERSION = YES;
				CLANG_WARN_DIRECT_OBJC_ISA_USAGE = YES_ERROR;
				CLANG_WARN_EMPTY_BODY = YES;
				CLANG_WARN_ENUM_CONVERSION = YES;
				CLANG_WARN_INT_CONVERSION = YES;
				CLANG_WARN_OBJC_ROOT_CLASS = YES_ERROR;
				CLANG_WARN_UNREACHABLE_CODE = YES;
				CLANG_WARN__DUPLICATE_METHOD_MATCH = YES;
				"CODE_SIGN_IDENTITY[sdk=iphoneos*]" = "iPhone Developer";
				COPY_PHASE_STRIP = NO;
				DEBUG_INFORMATION_FORMAT = "dwarf-with-dsym";
				ENABLE_NS_ASSERTIONS = NO;
				ENABLE_STRICT_OBJC_MSGSEND = YES;
				GCC_C_LANGUAGE_STANDARD = gnu99;
				GCC_NO_COMMON_BLOCKS = YES;
				GCC_WARN_64_TO_32_BIT_CONVERSION = YES;
				GCC_WARN_ABOUT_RETURN_TYPE = YES_ERROR;
				GCC_WARN_UNDECLARED_SELECTOR = YES;
				GCC_WARN_UNINITIALIZED_AUTOS = YES_AGGRESSIVE;
				GCC_WARN_UNUSED_FUNCTION = YES;
				GCC_WARN_UNUSED_VARIABLE = YES;
				IPHONEOS_DEPLOYMENT_TARGET = 8.3;
				MTL_ENABLE_DEBUG_INFO = NO;
				SDKROOT = iphoneos;
				TARGETED_DEVICE_FAMILY = "1,2";
				VALIDATE_PRODUCT = YES;
			};
			name = Release;
		};
		33961B401B5B83950054996B /* Debug */ = {
			isa = XCBuildConfiguration;
			buildSettings = {
				ASSETCATALOG_COMPILER_APPICON_NAME = AppIcon;
				INFOPLIST_FILE = iCampus/Info.plist;
				LD_RUNPATH_SEARCH_PATHS = "$(inherited) @executable_path/Frameworks";
				PRODUCT_NAME = "$(TARGET_NAME)";
			};
			name = Debug;
		};
		33961B411B5B83950054996B /* Release */ = {
			isa = XCBuildConfiguration;
			buildSettings = {
				ASSETCATALOG_COMPILER_APPICON_NAME = AppIcon;
				INFOPLIST_FILE = iCampus/Info.plist;
				LD_RUNPATH_SEARCH_PATHS = "$(inherited) @executable_path/Frameworks";
				PRODUCT_NAME = "$(TARGET_NAME)";
			};
			name = Release;
		};
		33961B431B5B83950054996B /* Debug */ = {
			isa = XCBuildConfiguration;
			buildSettings = {
				BUNDLE_LOADER = "$(TEST_HOST)";
				FRAMEWORK_SEARCH_PATHS = (
					"$(SDKROOT)/Developer/Library/Frameworks",
					"$(inherited)",
				);
				GCC_PREPROCESSOR_DEFINITIONS = (
					"DEBUG=1",
					"$(inherited)",
				);
				INFOPLIST_FILE = iCampusTests/Info.plist;
				LD_RUNPATH_SEARCH_PATHS = "$(inherited) @executable_path/Frameworks @loader_path/Frameworks";
				PRODUCT_NAME = "$(TARGET_NAME)";
				TEST_HOST = "$(BUILT_PRODUCTS_DIR)/iCampus.app/iCampus";
			};
			name = Debug;
		};
		33961B441B5B83950054996B /* Release */ = {
			isa = XCBuildConfiguration;
			buildSettings = {
				BUNDLE_LOADER = "$(TEST_HOST)";
				FRAMEWORK_SEARCH_PATHS = (
					"$(SDKROOT)/Developer/Library/Frameworks",
					"$(inherited)",
				);
				INFOPLIST_FILE = iCampusTests/Info.plist;
				LD_RUNPATH_SEARCH_PATHS = "$(inherited) @executable_path/Frameworks @loader_path/Frameworks";
				PRODUCT_NAME = "$(TARGET_NAME)";
				TEST_HOST = "$(BUILT_PRODUCTS_DIR)/iCampus.app/iCampus";
			};
			name = Release;
		};
/* End XCBuildConfiguration section */

/* Begin XCConfigurationList section */
		33961B171B5B83940054996B /* Build configuration list for PBXProject "iCampus" */ = {
			isa = XCConfigurationList;
			buildConfigurations = (
				33961B3D1B5B83950054996B /* Debug */,
				33961B3E1B5B83950054996B /* Release */,
			);
			defaultConfigurationIsVisible = 0;
			defaultConfigurationName = Release;
		};
		33961B3F1B5B83950054996B /* Build configuration list for PBXNativeTarget "iCampus" */ = {
			isa = XCConfigurationList;
			buildConfigurations = (
				33961B401B5B83950054996B /* Debug */,
				33961B411B5B83950054996B /* Release */,
			);
			defaultConfigurationIsVisible = 0;
		};
		33961B421B5B83950054996B /* Build configuration list for PBXNativeTarget "iCampusTests" */ = {
			isa = XCConfigurationList;
			buildConfigurations = (
				33961B431B5B83950054996B /* Debug */,
				33961B441B5B83950054996B /* Release */,
			);
			defaultConfigurationIsVisible = 0;
		};
/* End XCConfigurationList section */
	};
	rootObject = 33961B141B5B83940054996B /* Project object */;
}
