// !$*UTF8*$!
{
	archiveVersion = 1;
	classes = {
	};
	objectVersion = 46;
	objects = {

/* Begin PBXBuildFile section */
		335B45C61C00AA1900E75875 /* AppDelegate.swift in Sources */ = {isa = PBXBuildFile; fileRef = 335B45C51C00AA1900E75875 /* AppDelegate.swift */; };
		335B45C81C00AA1900E75875 /* ViewController.swift in Sources */ = {isa = PBXBuildFile; fileRef = 335B45C71C00AA1900E75875 /* ViewController.swift */; };
		335B45CB1C00AA1900E75875 /* Main.storyboard in Resources */ = {isa = PBXBuildFile; fileRef = 335B45C91C00AA1900E75875 /* Main.storyboard */; };
		335B45CD1C00AA1900E75875 /* Assets.xcassets in Resources */ = {isa = PBXBuildFile; fileRef = 335B45CC1C00AA1900E75875 /* Assets.xcassets */; };
		335B45D01C00AA1900E75875 /* LaunchScreen.storyboard in Resources */ = {isa = PBXBuildFile; fileRef = 335B45CE1C00AA1900E75875 /* LaunchScreen.storyboard */; };
		335B45DB1C00AA1900E75875 /* CoreAnimationSwiftDemoTests.swift in Sources */ = {isa = PBXBuildFile; fileRef = 335B45DA1C00AA1900E75875 /* CoreAnimationSwiftDemoTests.swift */; };
/* End PBXBuildFile section */

/* Begin PBXContainerItemProxy section */
		335B45D71C00AA1900E75875 /* PBXContainerItemProxy */ = {
			isa = PBXContainerItemProxy;
			containerPortal = 335B45BA1C00AA1900E75875 /* Project object */;
			proxyType = 1;
			remoteGlobalIDString = 335B45C11C00AA1900E75875;
			remoteInfo = CoreAnimationSwiftDemo;
		};
/* End PBXContainerItemProxy section */

/* Begin PBXFileReference section */
		335B45C21C00AA1900E75875 /* CoreAnimationSwiftDemo.app */ = {isa = PBXFileReference; explicitFileType = wrapper.application; includeInIndex = 0; path = CoreAnimationSwiftDemo.app; sourceTree = BUILT_PRODUCTS_DIR; };
		335B45C51C00AA1900E75875 /* AppDelegate.swift */ = {isa = PBXFileReference; lastKnownFileType = sourcecode.swift; path = AppDelegate.swift; sourceTree = "<group>"; };
		335B45C71C00AA1900E75875 /* ViewController.swift */ = {isa = PBXFileReference; lastKnownFileType = sourcecode.swift; path = ViewController.swift; sourceTree = "<group>"; };
		335B45CA1C00AA1900E75875 /* Base */ = {isa = PBXFileReference; lastKnownFileType = file.storyboard; name = Base; path = Base.lproj/Main.storyboard; sourceTree = "<group>"; };
		335B45CC1C00AA1900E75875 /* Assets.xcassets */ = {isa = PBXFileReference; lastKnownFileType = folder.assetcatalog; path = Assets.xcassets; sourceTree = "<group>"; };
		335B45CF1C00AA1900E75875 /* Base */ = {isa = PBXFileReference; lastKnownFileType = file.storyboard; name = Base; path = Base.lproj/LaunchScreen.storyboard; sourceTree = "<group>"; };
		335B45D11C00AA1900E75875 /* Info.plist */ = {isa = PBXFileReference; lastKnownFileType = text.plist.xml; path = Info.plist; sourceTree = "<group>"; };
		335B45D61C00AA1900E75875 /* CoreAnimationSwiftDemoTests.xctest */ = {isa = PBXFileReference; explicitFileType = wrapper.cfbundle; includeInIndex = 0; path = CoreAnimationSwiftDemoTests.xctest; sourceTree = BUILT_PRODUCTS_DIR; };
		335B45DA1C00AA1900E75875 /* CoreAnimationSwiftDemoTests.swift */ = {isa = PBXFileReference; lastKnownFileType = sourcecode.swift; path = CoreAnimationSwiftDemoTests.swift; sourceTree = "<group>"; };
		335B45DC1C00AA1900E75875 /* Info.plist */ = {isa = PBXFileReference; lastKnownFileType = text.plist.xml; path = Info.plist; sourceTree = "<group>"; };
/* End PBXFileReference section */

/* Begin PBXFrameworksBuildPhase section */
		335B45BF1C00AA1900E75875 /* Frameworks */ = {
			isa = PBXFrameworksBuildPhase;
			buildActionMask = 2147483647;
			files = (
			);
			runOnlyForDeploymentPostprocessing = 0;
		};
		335B45D31C00AA1900E75875 /* Frameworks */ = {
			isa = PBXFrameworksBuildPhase;
			buildActionMask = 2147483647;
			files = (
			);
			runOnlyForDeploymentPostprocessing = 0;
		};
/* End PBXFrameworksBuildPhase section */

/* Begin PBXGroup section */
		335B45B91C00AA1900E75875 = {
			isa = PBXGroup;
			children = (
				335B45C41C00AA1900E75875 /* CoreAnimationSwiftDemo */,
				335B45D91C00AA1900E75875 /* CoreAnimationSwiftDemoTests */,
				335B45C31C00AA1900E75875 /* Products */,
			);
			sourceTree = "<group>";
		};
		335B45C31C00AA1900E75875 /* Products */ = {
			isa = PBXGroup;
			children = (
				335B45C21C00AA1900E75875 /* CoreAnimationSwiftDemo.app */,
				335B45D61C00AA1900E75875 /* CoreAnimationSwiftDemoTests.xctest */,
			);
			name = Products;
			sourceTree = "<group>";
		};
		335B45C41C00AA1900E75875 /* CoreAnimationSwiftDemo */ = {
			isa = PBXGroup;
			children = (
				335B45C51C00AA1900E75875 /* AppDelegate.swift */,
				335B45C71C00AA1900E75875 /* ViewController.swift */,
				335B45C91C00AA1900E75875 /* Main.storyboard */,
				335B45CC1C00AA1900E75875 /* Assets.xcassets */,
				335B45CE1C00AA1900E75875 /* LaunchScreen.storyboard */,
				335B45D11C00AA1900E75875 /* Info.plist */,
			);
			path = CoreAnimationSwiftDemo;
			sourceTree = "<group>";
		};
		335B45D91C00AA1900E75875 /* CoreAnimationSwiftDemoTests */ = {
			isa = PBXGroup;
			children = (
				335B45DA1C00AA1900E75875 /* CoreAnimationSwiftDemoTests.swift */,
				335B45DC1C00AA1900E75875 /* Info.plist */,
			);
			path = CoreAnimationSwiftDemoTests;
			sourceTree = "<group>";
		};
/* End PBXGroup section */

/* Begin PBXNativeTarget section */
		335B45C11C00AA1900E75875 /* CoreAnimationSwiftDemo */ = {
			isa = PBXNativeTarget;
			buildConfigurationList = 335B45DF1C00AA1900E75875 /* Build configuration list for PBXNativeTarget "CoreAnimationSwiftDemo" */;
			buildPhases = (
				335B45BE1C00AA1900E75875 /* Sources */,
				335B45BF1C00AA1900E75875 /* Frameworks */,
				335B45C01C00AA1900E75875 /* Resources */,
			);
			buildRules = (
			);
			dependencies = (
			);
			name = CoreAnimationSwiftDemo;
			productName = CoreAnimationSwiftDemo;
			productReference = 335B45C21C00AA1900E75875 /* CoreAnimationSwiftDemo.app */;
			productType = "com.apple.product-type.application";
		};
		335B45D51C00AA1900E75875 /* CoreAnimationSwiftDemoTests */ = {
			isa = PBXNativeTarget;
			buildConfigurationList = 335B45E21C00AA1900E75875 /* Build configuration list for PBXNativeTarget "CoreAnimationSwiftDemoTests" */;
			buildPhases = (
				335B45D21C00AA1900E75875 /* Sources */,
				335B45D31C00AA1900E75875 /* Frameworks */,
				335B45D41C00AA1900E75875 /* Resources */,
			);
			buildRules = (
			);
			dependencies = (
				335B45D81C00AA1900E75875 /* PBXTargetDependency */,
			);
			name = CoreAnimationSwiftDemoTests;
			productName = CoreAnimationSwiftDemoTests;
			productReference = 335B45D61C00AA1900E75875 /* CoreAnimationSwiftDemoTests.xctest */;
			productType = "com.apple.product-type.bundle.unit-test";
		};
/* End PBXNativeTarget section */

/* Begin PBXProject section */
		335B45BA1C00AA1900E75875 /* Project object */ = {
			isa = PBXProject;
			attributes = {
				LastSwiftUpdateCheck = 0710;
				LastUpgradeCheck = 0710;
				ORGANIZATIONNAME = MandyXue;
				TargetAttributes = {
					335B45C11C00AA1900E75875 = {
						CreatedOnToolsVersion = 7.1.1;
						DevelopmentTeam = WGWLK679J7;
					};
					335B45D51C00AA1900E75875 = {
						CreatedOnToolsVersion = 7.1.1;
						DevelopmentTeam = WGWLK679J7;
						TestTargetID = 335B45C11C00AA1900E75875;
					};
				};
			};
			buildConfigurationList = 335B45BD1C00AA1900E75875 /* Build configuration list for PBXProject "CoreAnimationSwiftDemo" */;
			compatibilityVersion = "Xcode 3.2";
			developmentRegion = English;
			hasScannedForEncodings = 0;
			knownRegions = (
				en,
				Base,
			);
			mainGroup = 335B45B91C00AA1900E75875;
			productRefGroup = 335B45C31C00AA1900E75875 /* Products */;
			projectDirPath = "";
			projectRoot = "";
			targets = (
				335B45C11C00AA1900E75875 /* CoreAnimationSwiftDemo */,
				335B45D51C00AA1900E75875 /* CoreAnimationSwiftDemoTests */,
			);
		};
/* End PBXProject section */

/* Begin PBXResourcesBuildPhase section */
		335B45C01C00AA1900E75875 /* Resources */ = {
			isa = PBXResourcesBuildPhase;
			buildActionMask = 2147483647;
			files = (
				335B45D01C00AA1900E75875 /* LaunchScreen.storyboard in Resources */,
				335B45CD1C00AA1900E75875 /* Assets.xcassets in Resources */,
				335B45CB1C00AA1900E75875 /* Main.storyboard in Resources */,
			);
			runOnlyForDeploymentPostprocessing = 0;
		};
		335B45D41C00AA1900E75875 /* Resources */ = {
			isa = PBXResourcesBuildPhase;
			buildActionMask = 2147483647;
			files = (
			);
			runOnlyForDeploymentPostprocessing = 0;
		};
/* End PBXResourcesBuildPhase section */

/* Begin PBXSourcesBuildPhase section */
		335B45BE1C00AA1900E75875 /* Sources */ = {
			isa = PBXSourcesBuildPhase;
			buildActionMask = 2147483647;
			files = (
				335B45C81C00AA1900E75875 /* ViewController.swift in Sources */,
				335B45C61C00AA1900E75875 /* AppDelegate.swift in Sources */,
			);
			runOnlyForDeploymentPostprocessing = 0;
		};
		335B45D21C00AA1900E75875 /* Sources */ = {
			isa = PBXSourcesBuildPhase;
			buildActionMask = 2147483647;
			files = (
				335B45DB1C00AA1900E75875 /* CoreAnimationSwiftDemoTests.swift in Sources */,
			);
			runOnlyForDeploymentPostprocessing = 0;
		};
/* End PBXSourcesBuildPhase section */

/* Begin PBXTargetDependency section */
		335B45D81C00AA1900E75875 /* PBXTargetDependency */ = {
			isa = PBXTargetDependency;
			target = 335B45C11C00AA1900E75875 /* CoreAnimationSwiftDemo */;
			targetProxy = 335B45D71C00AA1900E75875 /* PBXContainerItemProxy */;
		};
/* End PBXTargetDependency section */

/* Begin PBXVariantGroup section */
		335B45C91C00AA1900E75875 /* Main.storyboard */ = {
			isa = PBXVariantGroup;
			children = (
				335B45CA1C00AA1900E75875 /* Base */,
			);
			name = Main.storyboard;
			sourceTree = "<group>";
		};
		335B45CE1C00AA1900E75875 /* LaunchScreen.storyboard */ = {
			isa = PBXVariantGroup;
			children = (
				335B45CF1C00AA1900E75875 /* Base */,
			);
			name = LaunchScreen.storyboard;
			sourceTree = "<group>";
		};
/* End PBXVariantGroup section */

/* Begin XCBuildConfiguration section */
		335B45DD1C00AA1900E75875 /* Debug */ = {
			isa = XCBuildConfiguration;
			buildSettings = {
				ALWAYS_SEARCH_USER_PATHS = NO;
				CLANG_CXX_LANGUAGE_STANDARD = "gnu++0x";
				CLANG_CXX_LIBRARY = "libc++";
				CLANG_ENABLE_MODULES = YES;
				CLANG_ENABLE_OBJC_ARC = YES;
				CLANG_WARN_BOOL_CONVERSION = YES;
				CLANG_WARN_CONSTANT_CONVERSION = YES;
				CLANG_WARN_DIRECT_OBJC_ISA_USAGE = YES_ERROR;
				CLANG_WARN_EMPTY_BODY = YES;
				CLANG_WARN_ENUM_CONVERSION = YES;
				CLANG_WARN_INT_CONVERSION = YES;
				CLANG_WARN_OBJC_ROOT_CLASS = YES_ERROR;
				CLANG_WARN_UNREACHABLE_CODE = YES;
				CLANG_WARN__DUPLICATE_METHOD_MATCH = YES;
				"CODE_SIGN_IDENTITY[sdk=iphoneos*]" = "iPhone Developer";
				COPY_PHASE_STRIP = NO;
				DEBUG_INFORMATION_FORMAT = dwarf;
				ENABLE_STRICT_OBJC_MSGSEND = YES;
				ENABLE_TESTABILITY = YES;
				GCC_C_LANGUAGE_STANDARD = gnu99;
				GCC_DYNAMIC_NO_PIC = NO;
				GCC_NO_COMMON_BLOCKS = YES;
				GCC_OPTIMIZATION_LEVEL = 0;
				GCC_PREPROCESSOR_DEFINITIONS = (
					"DEBUG=1",
					"$(inherited)",
				);
				GCC_WARN_64_TO_32_BIT_CONVERSION = YES;
				GCC_WARN_ABOUT_RETURN_TYPE = YES_ERROR;
				GCC_WARN_UNDECLARED_SELECTOR = YES;
				GCC_WARN_UNINITIALIZED_AUTOS = YES_AGGRESSIVE;
				GCC_WARN_UNUSED_FUNCTION = YES;
				GCC_WARN_UNUSED_VARIABLE = YES;
				IPHONEOS_DEPLOYMENT_TARGET = 9.1;
				MTL_ENABLE_DEBUG_INFO = YES;
				ONLY_ACTIVE_ARCH = YES;
				SDKROOT = iphoneos;
				SWIFT_OPTIMIZATION_LEVEL = "-Onone";
				TARGETED_DEVICE_FAMILY = "1,2";
			};
			name = Debug;
		};
		335B45DE1C00AA1900E75875 /* Release */ = {
			isa = XCBuildConfiguration;
			buildSettings = {
				ALWAYS_SEARCH_USER_PATHS = NO;
				CLANG_CXX_LANGUAGE_STANDARD = "gnu++0x";
				CLANG_CXX_LIBRARY = "libc++";
				CLANG_ENABLE_MODULES = YES;
				CLANG_ENABLE_OBJC_ARC = YES;
				CLANG_WARN_BOOL_CONVERSION = YES;
				CLANG_WARN_CONSTANT_CONVERSION = YES;
				CLANG_WARN_DIRECT_OBJC_ISA_USAGE = YES_ERROR;
				CLANG_WARN_EMPTY_BODY = YES;
				CLANG_WARN_ENUM_CONVERSION = YES;
				CLANG_WARN_INT_CONVERSION = YES;
				CLANG_WARN_OBJC_ROOT_CLASS = YES_ERROR;
				CLANG_WARN_UNREACHABLE_CODE = YES;
				CLANG_WARN__DUPLICATE_METHOD_MATCH = YES;
				"CODE_SIGN_IDENTITY[sdk=iphoneos*]" = "iPhone Developer";
				COPY_PHASE_STRIP = NO;
				DEBUG_INFORMATION_FORMAT = "dwarf-with-dsym";
				ENABLE_NS_ASSERTIONS = NO;
				ENABLE_STRICT_OBJC_MSGSEND = YES;
				GCC_C_LANGUAGE_STANDARD = gnu99;
				GCC_NO_COMMON_BLOCKS = YES;
				GCC_WARN_64_TO_32_BIT_CONVERSION = YES;
				GCC_WARN_ABOUT_RETURN_TYPE = YES_ERROR;
				GCC_WARN_UNDECLARED_SELECTOR = YES;
				GCC_WARN_UNINITIALIZED_AUTOS = YES_AGGRESSIVE;
				GCC_WARN_UNUSED_FUNCTION = YES;
				GCC_WARN_UNUSED_VARIABLE = YES;
				IPHONEOS_DEPLOYMENT_TARGET = 9.1;
				MTL_ENABLE_DEBUG_INFO = NO;
				SDKROOT = iphoneos;
				TARGETED_DEVICE_FAMILY = "1,2";
				VALIDATE_PRODUCT = YES;
			};
			name = Release;
		};
		335B45E01C00AA1900E75875 /* Debug */ = {
			isa = XCBuildConfiguration;
			buildSettings = {
				ASSETCATALOG_COMPILER_APPICON_NAME = AppIcon;
				INFOPLIST_FILE = CoreAnimationSwiftDemo/Info.plist;
				LD_RUNPATH_SEARCH_PATHS = "$(inherited) @executable_path/Frameworks";
				PRODUCT_BUNDLE_IDENTIFIER = AppleClub.CoreAnimationSwiftDemo;
				PRODUCT_NAME = "$(TARGET_NAME)";
			};
			name = Debug;
		};
		335B45E11C00AA1900E75875 /* Release */ = {
			isa = XCBuildConfiguration;
			buildSettings = {
				ASSETCATALOG_COMPILER_APPICON_NAME = AppIcon;
				INFOPLIST_FILE = CoreAnimationSwiftDemo/Info.plist;
				LD_RUNPATH_SEARCH_PATHS = "$(inherited) @executable_path/Frameworks";
				PRODUCT_BUNDLE_IDENTIFIER = AppleClub.CoreAnimationSwiftDemo;
				PRODUCT_NAME = "$(TARGET_NAME)";
			};
			name = Release;
		};
		335B45E31C00AA1900E75875 /* Debug */ = {
			isa = XCBuildConfiguration;
			buildSettings = {
				BUNDLE_LOADER = "$(TEST_HOST)";
				INFOPLIST_FILE = CoreAnimationSwiftDemoTests/Info.plist;
				LD_RUNPATH_SEARCH_PATHS = "$(inherited) @executable_path/Frameworks @loader_path/Frameworks";
				PRODUCT_BUNDLE_IDENTIFIER = AppleClub.CoreAnimationSwiftDemoTests;
				PRODUCT_NAME = "$(TARGET_NAME)";
				TEST_HOST = "$(BUILT_PRODUCTS_DIR)/CoreAnimationSwiftDemo.app/CoreAnimationSwiftDemo";
			};
			name = Debug;
		};
		335B45E41C00AA1900E75875 /* Release */ = {
			isa = XCBuildConfiguration;
			buildSettings = {
				BUNDLE_LOADER = "$(TEST_HOST)";
				INFOPLIST_FILE = CoreAnimationSwiftDemoTests/Info.plist;
				LD_RUNPATH_SEARCH_PATHS = "$(inherited) @executable_path/Frameworks @loader_path/Frameworks";
				PRODUCT_BUNDLE_IDENTIFIER = AppleClub.CoreAnimationSwiftDemoTests;
				PRODUCT_NAME = "$(TARGET_NAME)";
				TEST_HOST = "$(BUILT_PRODUCTS_DIR)/CoreAnimationSwiftDemo.app/CoreAnimationSwiftDemo";
			};
			name = Release;
		};
/* End XCBuildConfiguration section */

/* Begin XCConfigurationList section */
		335B45BD1C00AA1900E75875 /* Build configuration list for PBXProject "CoreAnimationSwiftDemo" */ = {
			isa = XCConfigurationList;
			buildConfigurations = (
				335B45DD1C00AA1900E75875 /* Debug */,
				335B45DE1C00AA1900E75875 /* Release */,
			);
			defaultConfigurationIsVisible = 0;
			defaultConfigurationName = Release;
		};
		335B45DF1C00AA1900E75875 /* Build configuration list for PBXNativeTarget "CoreAnimationSwiftDemo" */ = {
			isa = XCConfigurationList;
			buildConfigurations = (
				335B45E01C00AA1900E75875 /* Debug */,
				335B45E11C00AA1900E75875 /* Release */,
			);
			defaultConfigurationIsVisible = 0;
		};
		335B45E21C00AA1900E75875 /* Build configuration list for PBXNativeTarget "CoreAnimationSwiftDemoTests" */ = {
			isa = XCConfigurationList;
			buildConfigurations = (
				335B45E31C00AA1900E75875 /* Debug */,
				335B45E41C00AA1900E75875 /* Release */,
			);
			defaultConfigurationIsVisible = 0;
		};
/* End XCConfigurationList section */
	};
	rootObject = 335B45BA1C00AA1900E75875 /* Project object */;
}
